
Microsoft Visual Studio Solution File, Format Version 12.00
# Visual Studio Version 16
VisualStudioVersion = 16.0.31911.196
MinimumVisualStudioVersion = 10.0.40219.1
Project("{FAE04EC0-301F-11D3-BF4B-00C04F79EFBC}") = "FishingLineTest", "serial\FishingLineTest.csproj", "{AFD458F8-B4DB-4077-9AC8-59BEC975F211}"
EndProject
Global
	GlobalSection(SolutionConfigurationPlatforms) = preSolution
		Debug|Any CPU = Debug|Any CPU
		Release|Any CPU = Release|Any CPU
	EndGlobalSection
	GlobalSection(ProjectConfigurationPlatforms) = postSolution
		{AFD458F8-B4DB-4077-9AC8-59BEC975F211}.Debug|Any CPU.ActiveCfg = Debug|Any CPU
		{AFD458F8-B4DB-4077-9AC8-59BEC975F211}.Debug|Any CPU.Build.0 = Debug|Any CPU
		{AFD458F8-B4DB-4077-9AC8-59BEC975F211}.Release|Any CPU.ActiveCfg = Release|Any CPU
		{AFD458F8-B4DB-4077-9AC8-59BEC975F211}.Release|Any CPU.Build.0 = Release|Any CPU
	EndGlobalSection
	GlobalSection(SolutionProperties) = preSolution
		HideSolutionNode = FALSE
	EndGlobalSection
	GlobalSection(ExtensibilityGlobals) = postSolution
		SolutionGuid = {B58C0A27-33A4-4B81-90BC-1A8FC4A8AA75}
	EndGlobalSection
EndGlobal
